
Microsoft Visual Studio Solution File, Format Version 12.00
# Visual Studio 2013
VisualStudioVersion = 12.0.40629.0
MinimumVisualStudioVersion = 10.0.40219.1
Project("{FAE04EC0-301F-11D3-BF4B-00C04F79EFBC}") = "MVC_Demo", "MVC_Demo.csproj", "{93028492-0DBD-4003-8859-F35AC7C629EF}"
EndProject
Global
	GlobalSection(SolutionConfigurationPlatforms) = preSolution
		Debug|Any CPU = Debug|Any CPU
		Release|Any CPU = Release|Any CPU
	EndGlobalSection
	GlobalSection(ProjectConfigurationPlatforms) = postSolution
		{93028492-0DBD-4003-8859-F35AC7C629EF}.Debug|Any CPU.ActiveCfg = Debug|Any CPU
		{93028492-0DBD-4003-8859-F35AC7C629EF}.Debug|Any CPU.Build.0 = Debug|Any CPU
		{93028492-0DBD-4003-8859-F35AC7C629EF}.Release|Any CPU.ActiveCfg = Release|Any CPU
		{93028492-0DBD-4003-8859-F35AC7C629EF}.Release|Any CPU.Build.0 = Release|Any CPU
	EndGlobalSection
	GlobalSection(SolutionProperties) = preSolution
		HideSolutionNode = FALSE
	EndGlobalSection
EndGlobal
